
Microsoft Visual Studio Solution File, Format Version 12.00
# Visual Studio Version 17
VisualStudioVersion = 17.3.32819.101
MinimumVisualStudioVersion = 10.0.40219.1
Project("{FAE04EC0-301F-11D3-BF4B-00C04F79EFBC}") = "schools_api_core", "schools_api_core\schools_api_core.csproj", "{AF4E947E-DB66-4E30-8E16-028BEF8F1720}"
EndProject
Global
	GlobalSection(SolutionConfigurationPlatforms) = preSolution
		Debug|Any CPU = Debug|Any CPU
		Release|Any CPU = Release|Any CPU
	EndGlobalSection
	GlobalSection(ProjectConfigurationPlatforms) = postSolution
		{AF4E947E-DB66-4E30-8E16-028BEF8F1720}.Debug|Any CPU.ActiveCfg = Debug|Any CPU
		{AF4E947E-DB66-4E30-8E16-028BEF8F1720}.Debug|Any CPU.Build.0 = Debug|Any CPU
		{AF4E947E-DB66-4E30-8E16-028BEF8F1720}.Release|Any CPU.ActiveCfg = Release|Any CPU
		{AF4E947E-DB66-4E30-8E16-028BEF8F1720}.Release|Any CPU.Build.0 = Release|Any CPU
	EndGlobalSection
	GlobalSection(SolutionProperties) = preSolution
		HideSolutionNode = FALSE
	EndGlobalSection
	GlobalSection(ExtensibilityGlobals) = postSolution
		SolutionGuid = {CBC49CA5-8E1B-476A-BDB1-391660DCCDCF}
	EndGlobalSection
EndGlobal
